
Microsoft Visual Studio Solution File, Format Version 12.00
# Visual Studio 15
VisualStudioVersion = 15.0.27703.2035
MinimumVisualStudioVersion = 10.0.40219.1
Project("{8BC9CEB8-8B4A-11D0-8D11-00A0C91BC942}") = "exam1", "exam1\exam1.vcxproj", "{94F85DCC-5DBE-435D-AF3D-965609E5E30F}"
EndProject
Project("{8BC9CEB8-8B4A-11D0-8D11-00A0C91BC942}") = "exam2", "exam2\exam2.vcxproj", "{01749C10-5507-4F7F-B7FB-B999B4288EBB}"
EndProject
Project("{8BC9CEB8-8B4A-11D0-8D11-00A0C91BC942}") = "exam3", "exam3\exam3.vcxproj", "{5BBCBB56-8D8C-4732-9BD9-01154AA283BD}"
EndProject
Project("{8BC9CEB8-8B4A-11D0-8D11-00A0C91BC942}") = "exam4", "exam4\exam4.vcxproj", "{114A295F-04FD-444A-A808-EFF231EACDF7}"
EndProject
Project("{8BC9CEB8-8B4A-11D0-8D11-00A0C91BC942}") = "exam4_1", "exam4_1\exam4_1.vcxproj", "{7036BA28-4230-43F8-9A61-69F97A3F8C8D}"
EndProject
Project("{8BC9CEB8-8B4A-11D0-8D11-00A0C91BC942}") = "exam5", "exam5\exam5.vcxproj", "{20325792-2813-4C87-A478-E3219BBAAD07}"
EndProject
Project("{8BC9CEB8-8B4A-11D0-8D11-00A0C91BC942}") = "exam6", "exam6\exam6.vcxproj", "{ABD731BB-0E6D-4B1B-82B8-349C4B46C74D}"
EndProject
Project("{8BC9CEB8-8B4A-11D0-8D11-00A0C91BC942}") = "exam7", "exam7\exam7.vcxproj", "{AE88B3ED-01E7-4ACA-AE64-96B293B8D084}"
EndProject
Project("{8BC9CEB8-8B4A-11D0-8D11-00A0C91BC942}") = "exam8", "exam8\exam8.vcxproj", "{4F9B4BD4-AB01-43B9-8631-8695E83614E9}"
EndProject
Project("{8BC9CEB8-8B4A-11D0-8D11-00A0C91BC942}") = "exam9", "exam9\exam9.vcxproj", "{2352A9E6-A026-4A79-833D-972BDAD93BBF}"
EndProject
Project("{8BC9CEB8-8B4A-11D0-8D11-00A0C91BC942}") = "exam10", "exam10\exam10.vcxproj", "{0275FC31-5D70-43D9-A461-409D1A503008}"
EndProject
Project("{8BC9CEB8-8B4A-11D0-8D11-00A0C91BC942}") = "exam11", "exam11\exam11.vcxproj", "{F294A9AD-52D0-4A16-BBD0-0BC82CE7E300}"
EndProject
Project("{8BC9CEB8-8B4A-11D0-8D11-00A0C91BC942}") = "exam12", "exam12\exam12.vcxproj", "{2EC10BE2-1A9D-4E67-8DD2-CC58B990F5A5}"
EndProject
Project("{8BC9CEB8-8B4A-11D0-8D11-00A0C91BC942}") = "exam13", "exam13\exam13.vcxproj", "{4E009099-394C-4319-9C68-3A01FAE4EB70}"
EndProject
Project("{8BC9CEB8-8B4A-11D0-8D11-00A0C91BC942}") = "exam14", "exam14\exam14.vcxproj", "{D74779A1-85EA-4160-AB35-3D78806D980B}"
EndProject
Project("{8BC9CEB8-8B4A-11D0-8D11-00A0C91BC942}") = "exam15", "exam15\exam15.vcxproj", "{F824D77D-AC0F-439C-9832-FFF7B7922534}"
EndProject
Global
	GlobalSection(SolutionConfigurationPlatforms) = preSolution
		Debug|x64 = Debug|x64
		Debug|x86 = Debug|x86
		Release|x64 = Release|x64
		Release|x86 = Release|x86
	EndGlobalSection
	GlobalSection(ProjectConfigurationPlatforms) = postSolution
		{94F85DCC-5DBE-435D-AF3D-965609E5E30F}.Debug|x64.ActiveCfg = Debug|x64
		{94F85DCC-5DBE-435D-AF3D-965609E5E30F}.Debug|x64.Build.0 = Debug|x64
		{94F85DCC-5DBE-435D-AF3D-965609E5E30F}.Debug|x86.ActiveCfg = Debug|Win32
		{94F85DCC-5DBE-435D-AF3D-965609E5E30F}.Debug|x86.Build.0 = Debug|Win32
		{94F85DCC-5DBE-435D-AF3D-965609E5E30F}.Release|x64.ActiveCfg = Release|x64
		{94F85DCC-5DBE-435D-AF3D-965609E5E30F}.Release|x64.Build.0 = Release|x64
		{94F85DCC-5DBE-435D-AF3D-965609E5E30F}.Release|x86.ActiveCfg = Release|Win32
		{94F85DCC-5DBE-435D-AF3D-965609E5E30F}.Release|x86.Build.0 = Release|Win32
		{01749C10-5507-4F7F-B7FB-B999B4288EBB}.Debug|x64.ActiveCfg = Debug|x64
		{01749C10-5507-4F7F-B7FB-B999B4288EBB}.Debug|x64.Build.0 = Debug|x64
		{01749C10-5507-4F7F-B7FB-B999B4288EBB}.Debug|x86.ActiveCfg = Debug|Win32
		{01749C10-5507-4F7F-B7FB-B999B4288EBB}.Debug|x86.Build.0 = Debug|Win32
		{01749C10-5507-4F7F-B7FB-B999B4288EBB}.Release|x64.ActiveCfg = Release|x64
		{01749C10-5507-4F7F-B7FB-B999B4288EBB}.Release|x64.Build.0 = Release|x64
		{01749C10-5507-4F7F-B7FB-B999B4288EBB}.Release|x86.ActiveCfg = Release|Win32
		{01749C10-5507-4F7F-B7FB-B999B4288EBB}.Release|x86.Build.0 = Release|Win32
		{5BBCBB56-8D8C-4732-9BD9-01154AA283BD}.Debug|x64.ActiveCfg = Debug|x64
		{5BBCBB56-8D8C-4732-9BD9-01154AA283BD}.Debug|x64.Build.0 = Debug|x64
		{5BBCBB56-8D8C-4732-9BD9-01154AA283BD}.Debug|x86.ActiveCfg = Debug|Win32
		{5BBCBB56-8D8C-4732-9BD9-01154AA283BD}.Debug|x86.Build.0 = Debug|Win32
		{5BBCBB56-8D8C-4732-9BD9-01154AA283BD}.Release|x64.ActiveCfg = Release|x64
		{5BBCBB56-8D8C-4732-9BD9-01154AA283BD}.Release|x64.Build.0 = Release|x64
		{5BBCBB56-8D8C-4732-9BD9-01154AA283BD}.Release|x86.ActiveCfg = Release|Win32
		{5BBCBB56-8D8C-4732-9BD9-01154AA283BD}.Release|x86.Build.0 = Release|Win32
		{114A295F-04FD-444A-A808-EFF231EACDF7}.Debug|x64.ActiveCfg = Debug|x64
		{114A295F-04FD-444A-A808-EFF231EACDF7}.Debug|x64.Build.0 = Debug|x64
		{114A295F-04FD-444A-A808-EFF231EACDF7}.Debug|x86.ActiveCfg = Debug|Win32
		{114A295F-04FD-444A-A808-EFF231EACDF7}.Debug|x86.Build.0 = Debug|Win32
		{114A295F-04FD-444A-A808-EFF231EACDF7}.Release|x64.ActiveCfg = Release|x64
		{114A295F-04FD-444A-A808-EFF231EACDF7}.Release|x64.Build.0 = Release|x64
		{114A295F-04FD-444A-A808-EFF231EACDF7}.Release|x86.ActiveCfg = Release|Win32
		{114A295F-04FD-444A-A808-EFF231EACDF7}.Release|x86.Build.0 = Release|Win32
		{7036BA28-4230-43F8-9A61-69F97A3F8C8D}.Debug|x64.ActiveCfg = Debug|x64
		{7036BA28-4230-43F8-9A61-69F97A3F8C8D}.Debug|x64.Build.0 = Debug|x64
		{7036BA28-4230-43F8-9A61-69F97A3F8C8D}.Debug|x86.ActiveCfg = Debug|Win32
		{7036BA28-4230-43F8-9A61-69F97A3F8C8D}.Debug|x86.Build.0 = Debug|Win32
		{7036BA28-4230-43F8-9A61-69F97A3F8C8D}.Release|x64.ActiveCfg = Release|x64
		{7036BA28-4230-43F8-9A61-69F97A3F8C8D}.Release|x64.Build.0 = Release|x64
		{7036BA28-4230-43F8-9A61-69F97A3F8C8D}.Release|x86.ActiveCfg = Release|Win32
		{7036BA28-4230-43F8-9A61-69F97A3F8C8D}.Release|x86.Build.0 = Release|Win32
		{20325792-2813-4C87-A478-E3219BBAAD07}.Debug|x64.ActiveCfg = Debug|x64
		{20325792-2813-4C87-A478-E3219BBAAD07}.Debug|x64.Build.0 = Debug|x64
		{20325792-2813-4C87-A478-E3219BBAAD07}.Debug|x86.ActiveCfg = Debug|Win32
		{20325792-2813-4C87-A478-E3219BBAAD07}.Debug|x86.Build.0 = Debug|Win32
		{20325792-2813-4C87-A478-E3219BBAAD07}.Release|x64.ActiveCfg = Release|x64
		{20325792-2813-4C87-A478-E3219BBAAD07}.Release|x64.Build.0 = Release|x64
		{20325792-2813-4C87-A478-E3219BBAAD07}.Release|x86.ActiveCfg = Release|Win32
		{20325792-2813-4C87-A478-E3219BBAAD07}.Release|x86.Build.0 = Release|Win32
		{ABD731BB-0E6D-4B1B-82B8-349C4B46C74D}.Debug|x64.ActiveCfg = Debug|x64
		{ABD731BB-0E6D-4B1B-82B8-349C4B46C74D}.Debug|x64.Build.0 = Debug|x64
		{ABD731BB-0E6D-4B1B-82B8-349C4B46C74D}.Debug|x86.ActiveCfg = Debug|Win32
		{ABD731BB-0E6D-4B1B-82B8-349C4B46C74D}.Debug|x86.Build.0 = Debug|Win32
		{ABD731BB-0E6D-4B1B-82B8-349C4B46C74D}.Release|x64.ActiveCfg = Release|x64
		{ABD731BB-0E6D-4B1B-82B8-349C4B46C74D}.Release|x64.Build.0 = Release|x64
		{ABD731BB-0E6D-4B1B-82B8-349C4B46C74D}.Release|x86.ActiveCfg = Release|Win32
		{ABD731BB-0E6D-4B1B-82B8-349C4B46C74D}.Release|x86.Build.0 = Release|Win32
		{AE88B3ED-01E7-4ACA-AE64-96B293B8D084}.Debug|x64.ActiveCfg = Debug|x64
		{AE88B3ED-01E7-4ACA-AE64-96B293B8D084}.Debug|x64.Build.0 = Debug|x64
		{AE88B3ED-01E7-4ACA-AE64-96B293B8D084}.Debug|x86.ActiveCfg = Debug|Win32
		{AE88B3ED-01E7-4ACA-AE64-96B293B8D084}.Debug|x86.Build.0 = Debug|Win32
		{AE88B3ED-01E7-4ACA-AE64-96B293B8D084}.Release|x64.ActiveCfg = Release|x64
		{AE88B3ED-01E7-4ACA-AE64-96B293B8D084}.Release|x64.Build.0 = Release|x64
		{AE88B3ED-01E7-4ACA-AE64-96B293B8D084}.Release|x86.ActiveCfg = Release|Win32
		{AE88B3ED-01E7-4ACA-AE64-96B293B8D084}.Release|x86.Build.0 = Release|Win32
		{4F9B4BD4-AB01-43B9-8631-8695E83614E9}.Debug|x64.ActiveCfg = Debug|x64
		{4F9B4BD4-AB01-43B9-8631-8695E83614E9}.Debug|x64.Build.0 = Debug|x64
		{4F9B4BD4-AB01-43B9-8631-8695E83614E9}.Debug|x86.ActiveCfg = Debug|Win32
		{4F9B4BD4-AB01-43B9-8631-8695E83614E9}.Debug|x86.Build.0 = Debug|Win32
		{4F9B4BD4-AB01-43B9-8631-8695E83614E9}.Release|x64.ActiveCfg = Release|x64
		{4F9B4BD4-AB01-43B9-8631-8695E83614E9}.Release|x64.Build.0 = Release|x64
		{4F9B4BD4-AB01-43B9-8631-8695E83614E9}.Release|x86.ActiveCfg = Release|Win32
		{4F9B4BD4-AB01-43B9-8631-8695E83614E9}.Release|x86.Build.0 = Release|Win32
		{2352A9E6-A026-4A79-833D-972BDAD93BBF}.Debug|x64.ActiveCfg = Debug|x64
		{2352A9E6-A026-4A79-833D-972BDAD93BBF}.Debug|x64.Build.0 = Debug|x64
		{2352A9E6-A026-4A79-833D-972BDAD93BBF}.Debug|x86.ActiveCfg = Debug|Win32
		{2352A9E6-A026-4A79-833D-972BDAD93BBF}.Debug|x86.Build.0 = Debug|Win32
		{2352A9E6-A026-4A79-833D-972BDAD93BBF}.Release|x64.ActiveCfg = Release|x64
		{2352A9E6-A026-4A79-833D-972BDAD93BBF}.Release|x64.Build.0 = Release|x64
		{2352A9E6-A026-4A79-833D-972BDAD93BBF}.Release|x86.ActiveCfg = Release|Win32
		{2352A9E6-A026-4A79-833D-972BDAD93BBF}.Release|x86.Build.0 = Release|Win32
		{0275FC31-5D70-43D9-A461-409D1A503008}.Debug|x64.ActiveCfg = Debug|x64
		{0275FC31-5D70-43D9-A461-409D1A503008}.Debug|x64.Build.0 = Debug|x64
		{0275FC31-5D70-43D9-A461-409D1A503008}.Debug|x86.ActiveCfg = Debug|Win32
		{0275FC31-5D70-43D9-A461-409D1A503008}.Debug|x86.Build.0 = Debug|Win32
		{0275FC31-5D70-43D9-A461-409D1A503008}.Release|x64.ActiveCfg = Release|x64
		{0275FC31-5D70-43D9-A461-409D1A503008}.Release|x64.Build.0 = Release|x64
		{0275FC31-5D70-43D9-A461-409D1A503008}.Release|x86.ActiveCfg = Release|Win32
		{0275FC31-5D70-43D9-A461-409D1A503008}.Release|x86.Build.0 = Release|Win32
		{F294A9AD-52D0-4A16-BBD0-0BC82CE7E300}.Debug|x64.ActiveCfg = Debug|x64
		{F294A9AD-52D0-4A16-BBD0-0BC82CE7E300}.Debug|x64.Build.0 = Debug|x64
		{F294A9AD-52D0-4A16-BBD0-0BC82CE7E300}.Debug|x86.ActiveCfg = Debug|Win32
		{F294A9AD-52D0-4A16-BBD0-0BC82CE7E300}.Debug|x86.Build.0 = Debug|Win32
		{F294A9AD-52D0-4A16-BBD0-0BC82CE7E300}.Release|x64.ActiveCfg = Release|x64
		{F294A9AD-52D0-4A16-BBD0-0BC82CE7E300}.Release|x64.Build.0 = Release|x64
		{F294A9AD-52D0-4A16-BBD0-0BC82CE7E300}.Release|x86.ActiveCfg = Release|Win32
		{F294A9AD-52D0-4A16-BBD0-0BC82CE7E300}.Release|x86.Build.0 = Release|Win32
		{2EC10BE2-1A9D-4E67-8DD2-CC58B990F5A5}.Debug|x64.ActiveCfg = Debug|x64
		{2EC10BE2-1A9D-4E67-8DD2-CC58B990F5A5}.Debug|x64.Build.0 = Debug|x64
		{2EC10BE2-1A9D-4E67-8DD2-CC58B990F5A5}.Debug|x86.ActiveCfg = Debug|Win32
		{2EC10BE2-1A9D-4E67-8DD2-CC58B990F5A5}.Debug|x86.Build.0 = Debug|Win32
		{2EC10BE2-1A9D-4E67-8DD2-CC58B990F5A5}.Release|x64.ActiveCfg = Release|x64
		{2EC10BE2-1A9D-4E67-8DD2-CC58B990F5A5}.Release|x64.Build.0 = Release|x64
		{2EC10BE2-1A9D-4E67-8DD2-CC58B990F5A5}.Release|x86.ActiveCfg = Release|Win32
		{2EC10BE2-1A9D-4E67-8DD2-CC58B990F5A5}.Release|x86.Build.0 = Release|Win32
		{4E009099-394C-4319-9C68-3A01FAE4EB70}.Debug|x64.ActiveCfg = Debug|x64
		{4E009099-394C-4319-9C68-3A01FAE4EB70}.Debug|x64.Build.0 = Debug|x64
		{4E009099-394C-4319-9C68-3A01FAE4EB70}.Debug|x86.ActiveCfg = Debug|Win32
		{4E009099-394C-4319-9C68-3A01FAE4EB70}.Debug|x86.Build.0 = Debug|Win32
		{4E009099-394C-4319-9C68-3A01FAE4EB70}.Release|x64.ActiveCfg = Release|x64
		{4E009099-394C-4319-9C68-3A01FAE4EB70}.Release|x64.Build.0 = Release|x64
		{4E009099-394C-4319-9C68-3A01FAE4EB70}.Release|x86.ActiveCfg = Release|Win32
		{4E009099-394C-4319-9C68-3A01FAE4EB70}.Release|x86.Build.0 = Release|Win32
		{D74779A1-85EA-4160-AB35-3D78806D980B}.Debug|x64.ActiveCfg = Debug|x64
		{D74779A1-85EA-4160-AB35-3D78806D980B}.Debug|x64.Build.0 = Debug|x64
		{D74779A1-85EA-4160-AB35-3D78806D980B}.Debug|x86.ActiveCfg = Debug|Win32
		{D74779A1-85EA-4160-AB35-3D78806D980B}.Debug|x86.Build.0 = Debug|Win32
		{D74779A1-85EA-4160-AB35-3D78806D980B}.Release|x64.ActiveCfg = Release|x64
		{D74779A1-85EA-4160-AB35-3D78806D980B}.Release|x64.Build.0 = Release|x64
		{D74779A1-85EA-4160-AB35-3D78806D980B}.Release|x86.ActiveCfg = Release|Win32
		{D74779A1-85EA-4160-AB35-3D78806D980B}.Release|x86.Build.0 = Release|Win32
		{F824D77D-AC0F-439C-9832-FFF7B7922534}.Debug|x64.ActiveCfg = Debug|x64
		{F824D77D-AC0F-439C-9832-FFF7B7922534}.Debug|x64.Build.0 = Debug|x64
		{F824D77D-AC0F-439C-9832-FFF7B7922534}.Debug|x86.ActiveCfg = Debug|Win32
		{F824D77D-AC0F-439C-9832-FFF7B7922534}.Debug|x86.Build.0 = Debug|Win32
		{F824D77D-AC0F-439C-9832-FFF7B7922534}.Release|x64.ActiveCfg = Release|x64
		{F824D77D-AC0F-439C-9832-FFF7B7922534}.Release|x64.Build.0 = Release|x64
		{F824D77D-AC0F-439C-9832-FFF7B7922534}.Release|x86.ActiveCfg = Release|Win32
		{F824D77D-AC0F-439C-9832-FFF7B7922534}.Release|x86.Build.0 = Release|Win32
	EndGlobalSection
	GlobalSection(SolutionProperties) = preSolution
		HideSolutionNode = FALSE
	EndGlobalSection
	GlobalSection(ExtensibilityGlobals) = postSolution
		SolutionGuid = {A13901C7-8B52-4508-94E1-9DD0FF662990}
	EndGlobalSection
EndGlobal
