
Microsoft Visual Studio Solution File, Format Version 12.00
# Visual Studio 15
VisualStudioVersion = 15.0.27703.2035
MinimumVisualStudioVersion = 10.0.40219.1
Project("{8BC9CEB8-8B4A-11D0-8D11-00A0C91BC942}") = "exam1", "day4\day4.vcxproj", "{C3D389E1-5611-4BFB-9C7B-822A4A9AF6F1}"
EndProject
Project("{8BC9CEB8-8B4A-11D0-8D11-00A0C91BC942}") = "exam2", "exam2\exam2.vcxproj", "{1B96B60D-7A41-40C7-889D-EF12F8BA1D37}"
EndProject
Project("{8BC9CEB8-8B4A-11D0-8D11-00A0C91BC942}") = "exam3", "exam3\exam3.vcxproj", "{310B7458-09F1-41CD-844E-F7B9CCF6D4F4}"
EndProject
Project("{8BC9CEB8-8B4A-11D0-8D11-00A0C91BC942}") = "exam4", "exam4\exam4.vcxproj", "{47CD1AEC-E3AA-4BAC-840C-836765339179}"
EndProject
Project("{8BC9CEB8-8B4A-11D0-8D11-00A0C91BC942}") = "exam5", "exam5\exam5.vcxproj", "{6C3F263C-60A3-4E26-A307-4CF72B524718}"
EndProject
Project("{8BC9CEB8-8B4A-11D0-8D11-00A0C91BC942}") = "exam6", "exam6\exam6.vcxproj", "{F428EB62-9892-4D9B-996F-C3E590889235}"
EndProject
Project("{8BC9CEB8-8B4A-11D0-8D11-00A0C91BC942}") = "exam6_1", "exam6_1\exam6_1.vcxproj", "{3974A85D-ECF9-4ED5-9975-66DBA3ED45D9}"
EndProject
Project("{8BC9CEB8-8B4A-11D0-8D11-00A0C91BC942}") = "exam7", "exam7\exam7.vcxproj", "{C9D219AA-03DF-4CF4-83DD-E64E0D33D499}"
EndProject
Project("{8BC9CEB8-8B4A-11D0-8D11-00A0C91BC942}") = "exam8", "ㄷㅌ므8\ㄷㅌ므8.vcxproj", "{168C49A3-79C9-4D68-8BC7-0C137CCF7352}"
EndProject
Project("{8BC9CEB8-8B4A-11D0-8D11-00A0C91BC942}") = "exam9", "exam9\exam9.vcxproj", "{60BA40D5-0EC5-4E67-B03A-E7B5D10AC44D}"
EndProject
Project("{8BC9CEB8-8B4A-11D0-8D11-00A0C91BC942}") = "exam10", "exam10\exam10.vcxproj", "{2535F47B-9A2F-4126-B959-4B034E301562}"
EndProject
Project("{8BC9CEB8-8B4A-11D0-8D11-00A0C91BC942}") = "exam11", "exam11\exam11.vcxproj", "{8BC29C69-80DA-4F52-814D-2F6D900897E7}"
EndProject
Project("{8BC9CEB8-8B4A-11D0-8D11-00A0C91BC942}") = "exam12", "exam12\exam12.vcxproj", "{D6C4AC33-418B-49F7-B39C-ED36C2828600}"
EndProject
Project("{8BC9CEB8-8B4A-11D0-8D11-00A0C91BC942}") = "exam13", "exam13\exam13.vcxproj", "{0F7112E3-04CD-438C-B5EE-864909E19593}"
EndProject
Global
	GlobalSection(SolutionConfigurationPlatforms) = preSolution
		Debug|x64 = Debug|x64
		Debug|x86 = Debug|x86
		Release|x64 = Release|x64
		Release|x86 = Release|x86
	EndGlobalSection
	GlobalSection(ProjectConfigurationPlatforms) = postSolution
		{C3D389E1-5611-4BFB-9C7B-822A4A9AF6F1}.Debug|x64.ActiveCfg = Debug|x64
		{C3D389E1-5611-4BFB-9C7B-822A4A9AF6F1}.Debug|x64.Build.0 = Debug|x64
		{C3D389E1-5611-4BFB-9C7B-822A4A9AF6F1}.Debug|x86.ActiveCfg = Debug|Win32
		{C3D389E1-5611-4BFB-9C7B-822A4A9AF6F1}.Debug|x86.Build.0 = Debug|Win32
		{C3D389E1-5611-4BFB-9C7B-822A4A9AF6F1}.Release|x64.ActiveCfg = Release|x64
		{C3D389E1-5611-4BFB-9C7B-822A4A9AF6F1}.Release|x64.Build.0 = Release|x64
		{C3D389E1-5611-4BFB-9C7B-822A4A9AF6F1}.Release|x86.ActiveCfg = Release|Win32
		{C3D389E1-5611-4BFB-9C7B-822A4A9AF6F1}.Release|x86.Build.0 = Release|Win32
		{1B96B60D-7A41-40C7-889D-EF12F8BA1D37}.Debug|x64.ActiveCfg = Debug|x64
		{1B96B60D-7A41-40C7-889D-EF12F8BA1D37}.Debug|x64.Build.0 = Debug|x64
		{1B96B60D-7A41-40C7-889D-EF12F8BA1D37}.Debug|x86.ActiveCfg = Debug|Win32
		{1B96B60D-7A41-40C7-889D-EF12F8BA1D37}.Debug|x86.Build.0 = Debug|Win32
		{1B96B60D-7A41-40C7-889D-EF12F8BA1D37}.Release|x64.ActiveCfg = Release|x64
		{1B96B60D-7A41-40C7-889D-EF12F8BA1D37}.Release|x64.Build.0 = Release|x64
		{1B96B60D-7A41-40C7-889D-EF12F8BA1D37}.Release|x86.ActiveCfg = Release|Win32
		{1B96B60D-7A41-40C7-889D-EF12F8BA1D37}.Release|x86.Build.0 = Release|Win32
		{310B7458-09F1-41CD-844E-F7B9CCF6D4F4}.Debug|x64.ActiveCfg = Debug|x64
		{310B7458-09F1-41CD-844E-F7B9CCF6D4F4}.Debug|x64.Build.0 = Debug|x64
		{310B7458-09F1-41CD-844E-F7B9CCF6D4F4}.Debug|x86.ActiveCfg = Debug|Win32
		{310B7458-09F1-41CD-844E-F7B9CCF6D4F4}.Debug|x86.Build.0 = Debug|Win32
		{310B7458-09F1-41CD-844E-F7B9CCF6D4F4}.Release|x64.ActiveCfg = Release|x64
		{310B7458-09F1-41CD-844E-F7B9CCF6D4F4}.Release|x64.Build.0 = Release|x64
		{310B7458-09F1-41CD-844E-F7B9CCF6D4F4}.Release|x86.ActiveCfg = Release|Win32
		{310B7458-09F1-41CD-844E-F7B9CCF6D4F4}.Release|x86.Build.0 = Release|Win32
		{47CD1AEC-E3AA-4BAC-840C-836765339179}.Debug|x64.ActiveCfg = Debug|x64
		{47CD1AEC-E3AA-4BAC-840C-836765339179}.Debug|x64.Build.0 = Debug|x64
		{47CD1AEC-E3AA-4BAC-840C-836765339179}.Debug|x86.ActiveCfg = Debug|Win32
		{47CD1AEC-E3AA-4BAC-840C-836765339179}.Debug|x86.Build.0 = Debug|Win32
		{47CD1AEC-E3AA-4BAC-840C-836765339179}.Release|x64.ActiveCfg = Release|x64
		{47CD1AEC-E3AA-4BAC-840C-836765339179}.Release|x64.Build.0 = Release|x64
		{47CD1AEC-E3AA-4BAC-840C-836765339179}.Release|x86.ActiveCfg = Release|Win32
		{47CD1AEC-E3AA-4BAC-840C-836765339179}.Release|x86.Build.0 = Release|Win32
		{6C3F263C-60A3-4E26-A307-4CF72B524718}.Debug|x64.ActiveCfg = Debug|x64
		{6C3F263C-60A3-4E26-A307-4CF72B524718}.Debug|x64.Build.0 = Debug|x64
		{6C3F263C-60A3-4E26-A307-4CF72B524718}.Debug|x86.ActiveCfg = Debug|Win32
		{6C3F263C-60A3-4E26-A307-4CF72B524718}.Debug|x86.Build.0 = Debug|Win32
		{6C3F263C-60A3-4E26-A307-4CF72B524718}.Release|x64.ActiveCfg = Release|x64
		{6C3F263C-60A3-4E26-A307-4CF72B524718}.Release|x64.Build.0 = Release|x64
		{6C3F263C-60A3-4E26-A307-4CF72B524718}.Release|x86.ActiveCfg = Release|Win32
		{6C3F263C-60A3-4E26-A307-4CF72B524718}.Release|x86.Build.0 = Release|Win32
		{F428EB62-9892-4D9B-996F-C3E590889235}.Debug|x64.ActiveCfg = Debug|x64
		{F428EB62-9892-4D9B-996F-C3E590889235}.Debug|x64.Build.0 = Debug|x64
		{F428EB62-9892-4D9B-996F-C3E590889235}.Debug|x86.ActiveCfg = Debug|Win32
		{F428EB62-9892-4D9B-996F-C3E590889235}.Debug|x86.Build.0 = Debug|Win32
		{F428EB62-9892-4D9B-996F-C3E590889235}.Release|x64.ActiveCfg = Release|x64
		{F428EB62-9892-4D9B-996F-C3E590889235}.Release|x64.Build.0 = Release|x64
		{F428EB62-9892-4D9B-996F-C3E590889235}.Release|x86.ActiveCfg = Release|Win32
		{F428EB62-9892-4D9B-996F-C3E590889235}.Release|x86.Build.0 = Release|Win32
		{3974A85D-ECF9-4ED5-9975-66DBA3ED45D9}.Debug|x64.ActiveCfg = Debug|x64
		{3974A85D-ECF9-4ED5-9975-66DBA3ED45D9}.Debug|x64.Build.0 = Debug|x64
		{3974A85D-ECF9-4ED5-9975-66DBA3ED45D9}.Debug|x86.ActiveCfg = Debug|Win32
		{3974A85D-ECF9-4ED5-9975-66DBA3ED45D9}.Debug|x86.Build.0 = Debug|Win32
		{3974A85D-ECF9-4ED5-9975-66DBA3ED45D9}.Release|x64.ActiveCfg = Release|x64
		{3974A85D-ECF9-4ED5-9975-66DBA3ED45D9}.Release|x64.Build.0 = Release|x64
		{3974A85D-ECF9-4ED5-9975-66DBA3ED45D9}.Release|x86.ActiveCfg = Release|Win32
		{3974A85D-ECF9-4ED5-9975-66DBA3ED45D9}.Release|x86.Build.0 = Release|Win32
		{C9D219AA-03DF-4CF4-83DD-E64E0D33D499}.Debug|x64.ActiveCfg = Debug|x64
		{C9D219AA-03DF-4CF4-83DD-E64E0D33D499}.Debug|x64.Build.0 = Debug|x64
		{C9D219AA-03DF-4CF4-83DD-E64E0D33D499}.Debug|x86.ActiveCfg = Debug|Win32
		{C9D219AA-03DF-4CF4-83DD-E64E0D33D499}.Debug|x86.Build.0 = Debug|Win32
		{C9D219AA-03DF-4CF4-83DD-E64E0D33D499}.Release|x64.ActiveCfg = Release|x64
		{C9D219AA-03DF-4CF4-83DD-E64E0D33D499}.Release|x64.Build.0 = Release|x64
		{C9D219AA-03DF-4CF4-83DD-E64E0D33D499}.Release|x86.ActiveCfg = Release|Win32
		{C9D219AA-03DF-4CF4-83DD-E64E0D33D499}.Release|x86.Build.0 = Release|Win32
		{168C49A3-79C9-4D68-8BC7-0C137CCF7352}.Debug|x64.ActiveCfg = Debug|x64
		{168C49A3-79C9-4D68-8BC7-0C137CCF7352}.Debug|x64.Build.0 = Debug|x64
		{168C49A3-79C9-4D68-8BC7-0C137CCF7352}.Debug|x86.ActiveCfg = Debug|Win32
		{168C49A3-79C9-4D68-8BC7-0C137CCF7352}.Debug|x86.Build.0 = Debug|Win32
		{168C49A3-79C9-4D68-8BC7-0C137CCF7352}.Release|x64.ActiveCfg = Release|x64
		{168C49A3-79C9-4D68-8BC7-0C137CCF7352}.Release|x64.Build.0 = Release|x64
		{168C49A3-79C9-4D68-8BC7-0C137CCF7352}.Release|x86.ActiveCfg = Release|Win32
		{168C49A3-79C9-4D68-8BC7-0C137CCF7352}.Release|x86.Build.0 = Release|Win32
		{60BA40D5-0EC5-4E67-B03A-E7B5D10AC44D}.Debug|x64.ActiveCfg = Debug|x64
		{60BA40D5-0EC5-4E67-B03A-E7B5D10AC44D}.Debug|x64.Build.0 = Debug|x64
		{60BA40D5-0EC5-4E67-B03A-E7B5D10AC44D}.Debug|x86.ActiveCfg = Debug|Win32
		{60BA40D5-0EC5-4E67-B03A-E7B5D10AC44D}.Debug|x86.Build.0 = Debug|Win32
		{60BA40D5-0EC5-4E67-B03A-E7B5D10AC44D}.Release|x64.ActiveCfg = Release|x64
		{60BA40D5-0EC5-4E67-B03A-E7B5D10AC44D}.Release|x64.Build.0 = Release|x64
		{60BA40D5-0EC5-4E67-B03A-E7B5D10AC44D}.Release|x86.ActiveCfg = Release|Win32
		{60BA40D5-0EC5-4E67-B03A-E7B5D10AC44D}.Release|x86.Build.0 = Release|Win32
		{2535F47B-9A2F-4126-B959-4B034E301562}.Debug|x64.ActiveCfg = Debug|x64
		{2535F47B-9A2F-4126-B959-4B034E301562}.Debug|x64.Build.0 = Debug|x64
		{2535F47B-9A2F-4126-B959-4B034E301562}.Debug|x86.ActiveCfg = Debug|Win32
		{2535F47B-9A2F-4126-B959-4B034E301562}.Debug|x86.Build.0 = Debug|Win32
		{2535F47B-9A2F-4126-B959-4B034E301562}.Release|x64.ActiveCfg = Release|x64
		{2535F47B-9A2F-4126-B959-4B034E301562}.Release|x64.Build.0 = Release|x64
		{2535F47B-9A2F-4126-B959-4B034E301562}.Release|x86.ActiveCfg = Release|Win32
		{2535F47B-9A2F-4126-B959-4B034E301562}.Release|x86.Build.0 = Release|Win32
		{8BC29C69-80DA-4F52-814D-2F6D900897E7}.Debug|x64.ActiveCfg = Debug|x64
		{8BC29C69-80DA-4F52-814D-2F6D900897E7}.Debug|x64.Build.0 = Debug|x64
		{8BC29C69-80DA-4F52-814D-2F6D900897E7}.Debug|x86.ActiveCfg = Debug|Win32
		{8BC29C69-80DA-4F52-814D-2F6D900897E7}.Debug|x86.Build.0 = Debug|Win32
		{8BC29C69-80DA-4F52-814D-2F6D900897E7}.Release|x64.ActiveCfg = Release|x64
		{8BC29C69-80DA-4F52-814D-2F6D900897E7}.Release|x64.Build.0 = Release|x64
		{8BC29C69-80DA-4F52-814D-2F6D900897E7}.Release|x86.ActiveCfg = Release|Win32
		{8BC29C69-80DA-4F52-814D-2F6D900897E7}.Release|x86.Build.0 = Release|Win32
		{D6C4AC33-418B-49F7-B39C-ED36C2828600}.Debug|x64.ActiveCfg = Debug|x64
		{D6C4AC33-418B-49F7-B39C-ED36C2828600}.Debug|x64.Build.0 = Debug|x64
		{D6C4AC33-418B-49F7-B39C-ED36C2828600}.Debug|x86.ActiveCfg = Debug|Win32
		{D6C4AC33-418B-49F7-B39C-ED36C2828600}.Debug|x86.Build.0 = Debug|Win32
		{D6C4AC33-418B-49F7-B39C-ED36C2828600}.Release|x64.ActiveCfg = Release|x64
		{D6C4AC33-418B-49F7-B39C-ED36C2828600}.Release|x64.Build.0 = Release|x64
		{D6C4AC33-418B-49F7-B39C-ED36C2828600}.Release|x86.ActiveCfg = Release|Win32
		{D6C4AC33-418B-49F7-B39C-ED36C2828600}.Release|x86.Build.0 = Release|Win32
		{0F7112E3-04CD-438C-B5EE-864909E19593}.Debug|x64.ActiveCfg = Debug|x64
		{0F7112E3-04CD-438C-B5EE-864909E19593}.Debug|x64.Build.0 = Debug|x64
		{0F7112E3-04CD-438C-B5EE-864909E19593}.Debug|x86.ActiveCfg = Debug|Win32
		{0F7112E3-04CD-438C-B5EE-864909E19593}.Debug|x86.Build.0 = Debug|Win32
		{0F7112E3-04CD-438C-B5EE-864909E19593}.Release|x64.ActiveCfg = Release|x64
		{0F7112E3-04CD-438C-B5EE-864909E19593}.Release|x64.Build.0 = Release|x64
		{0F7112E3-04CD-438C-B5EE-864909E19593}.Release|x86.ActiveCfg = Release|Win32
		{0F7112E3-04CD-438C-B5EE-864909E19593}.Release|x86.Build.0 = Release|Win32
	EndGlobalSection
	GlobalSection(SolutionProperties) = preSolution
		HideSolutionNode = FALSE
	EndGlobalSection
	GlobalSection(ExtensibilityGlobals) = postSolution
		SolutionGuid = {C897A3C0-766F-4A30-8307-EC1DDF8CD2A3}
	EndGlobalSection
EndGlobal
