
Microsoft Visual Studio Solution File, Format Version 12.00
# Visual Studio 15
VisualStudioVersion = 15.0.27703.2035
MinimumVisualStudioVersion = 10.0.40219.1
Project("{8BC9CEB8-8B4A-11D0-8D11-00A0C91BC942}") = "exam1", "exam1\exam1.vcxproj", "{EA17FA57-4F25-49FE-8364-A4BBD86FC23C}"
EndProject
Project("{8BC9CEB8-8B4A-11D0-8D11-00A0C91BC942}") = "exam2", "exam2\exam2.vcxproj", "{E06D1A91-508D-41F5-AD12-1511A2D45893}"
EndProject
Project("{8BC9CEB8-8B4A-11D0-8D11-00A0C91BC942}") = "exam3", "exam3\exam3.vcxproj", "{3668A225-7E7B-4995-A3D4-0D82BE62C712}"
EndProject
Project("{8BC9CEB8-8B4A-11D0-8D11-00A0C91BC942}") = "exam4", "exam4\exam4.vcxproj", "{B6994E36-42E0-41FF-82F6-202B7CB6B717}"
EndProject
Project("{8BC9CEB8-8B4A-11D0-8D11-00A0C91BC942}") = "exam5", "exam5\exam5.vcxproj", "{B142F1A4-D4E1-41A7-9BAE-C2B422A26AA8}"
EndProject
Project("{8BC9CEB8-8B4A-11D0-8D11-00A0C91BC942}") = "exam6", "exam6\exam6.vcxproj", "{08424EE4-25DF-41CF-A0DF-61EA1E77E429}"
EndProject
Project("{8BC9CEB8-8B4A-11D0-8D11-00A0C91BC942}") = "exam7", "exam7\exam7.vcxproj", "{72240049-FFCD-43DF-9CA3-D2AA7E40D50B}"
EndProject
Project("{8BC9CEB8-8B4A-11D0-8D11-00A0C91BC942}") = "exam8", "exam8\exam8.vcxproj", "{D23CEBBB-9552-4AC5-B035-7B33051A86B1}"
EndProject
Project("{8BC9CEB8-8B4A-11D0-8D11-00A0C91BC942}") = "exam9", "exam9\exam9.vcxproj", "{DE4F1479-C498-4292-82DB-ACAC78B89D7C}"
EndProject
Project("{8BC9CEB8-8B4A-11D0-8D11-00A0C91BC942}") = "ㄷㅌ므10", "ㄷㅌ므10\ㄷㅌ므10.vcxproj", "{909FBCBA-11A6-4E34-A790-D6DF75B5057E}"
EndProject
Project("{8BC9CEB8-8B4A-11D0-8D11-00A0C91BC942}") = "exam11", "exam11\exam11.vcxproj", "{476AD324-2EF7-4381-BE99-B79FAC7C4941}"
EndProject
Project("{8BC9CEB8-8B4A-11D0-8D11-00A0C91BC942}") = "exam12", "exam12\exam12.vcxproj", "{1151C243-9579-4F39-8070-EA532E502A47}"
EndProject
Global
	GlobalSection(SolutionConfigurationPlatforms) = preSolution
		Debug|x64 = Debug|x64
		Debug|x86 = Debug|x86
		Release|x64 = Release|x64
		Release|x86 = Release|x86
	EndGlobalSection
	GlobalSection(ProjectConfigurationPlatforms) = postSolution
		{EA17FA57-4F25-49FE-8364-A4BBD86FC23C}.Debug|x64.ActiveCfg = Debug|x64
		{EA17FA57-4F25-49FE-8364-A4BBD86FC23C}.Debug|x64.Build.0 = Debug|x64
		{EA17FA57-4F25-49FE-8364-A4BBD86FC23C}.Debug|x86.ActiveCfg = Debug|Win32
		{EA17FA57-4F25-49FE-8364-A4BBD86FC23C}.Debug|x86.Build.0 = Debug|Win32
		{EA17FA57-4F25-49FE-8364-A4BBD86FC23C}.Release|x64.ActiveCfg = Release|x64
		{EA17FA57-4F25-49FE-8364-A4BBD86FC23C}.Release|x64.Build.0 = Release|x64
		{EA17FA57-4F25-49FE-8364-A4BBD86FC23C}.Release|x86.ActiveCfg = Release|Win32
		{EA17FA57-4F25-49FE-8364-A4BBD86FC23C}.Release|x86.Build.0 = Release|Win32
		{E06D1A91-508D-41F5-AD12-1511A2D45893}.Debug|x64.ActiveCfg = Debug|x64
		{E06D1A91-508D-41F5-AD12-1511A2D45893}.Debug|x64.Build.0 = Debug|x64
		{E06D1A91-508D-41F5-AD12-1511A2D45893}.Debug|x86.ActiveCfg = Debug|Win32
		{E06D1A91-508D-41F5-AD12-1511A2D45893}.Debug|x86.Build.0 = Debug|Win32
		{E06D1A91-508D-41F5-AD12-1511A2D45893}.Release|x64.ActiveCfg = Release|x64
		{E06D1A91-508D-41F5-AD12-1511A2D45893}.Release|x64.Build.0 = Release|x64
		{E06D1A91-508D-41F5-AD12-1511A2D45893}.Release|x86.ActiveCfg = Release|Win32
		{E06D1A91-508D-41F5-AD12-1511A2D45893}.Release|x86.Build.0 = Release|Win32
		{3668A225-7E7B-4995-A3D4-0D82BE62C712}.Debug|x64.ActiveCfg = Debug|x64
		{3668A225-7E7B-4995-A3D4-0D82BE62C712}.Debug|x64.Build.0 = Debug|x64
		{3668A225-7E7B-4995-A3D4-0D82BE62C712}.Debug|x86.ActiveCfg = Debug|Win32
		{3668A225-7E7B-4995-A3D4-0D82BE62C712}.Debug|x86.Build.0 = Debug|Win32
		{3668A225-7E7B-4995-A3D4-0D82BE62C712}.Release|x64.ActiveCfg = Release|x64
		{3668A225-7E7B-4995-A3D4-0D82BE62C712}.Release|x64.Build.0 = Release|x64
		{3668A225-7E7B-4995-A3D4-0D82BE62C712}.Release|x86.ActiveCfg = Release|Win32
		{3668A225-7E7B-4995-A3D4-0D82BE62C712}.Release|x86.Build.0 = Release|Win32
		{B6994E36-42E0-41FF-82F6-202B7CB6B717}.Debug|x64.ActiveCfg = Debug|x64
		{B6994E36-42E0-41FF-82F6-202B7CB6B717}.Debug|x64.Build.0 = Debug|x64
		{B6994E36-42E0-41FF-82F6-202B7CB6B717}.Debug|x86.ActiveCfg = Debug|Win32
		{B6994E36-42E0-41FF-82F6-202B7CB6B717}.Debug|x86.Build.0 = Debug|Win32
		{B6994E36-42E0-41FF-82F6-202B7CB6B717}.Release|x64.ActiveCfg = Release|x64
		{B6994E36-42E0-41FF-82F6-202B7CB6B717}.Release|x64.Build.0 = Release|x64
		{B6994E36-42E0-41FF-82F6-202B7CB6B717}.Release|x86.ActiveCfg = Release|Win32
		{B6994E36-42E0-41FF-82F6-202B7CB6B717}.Release|x86.Build.0 = Release|Win32
		{B142F1A4-D4E1-41A7-9BAE-C2B422A26AA8}.Debug|x64.ActiveCfg = Debug|x64
		{B142F1A4-D4E1-41A7-9BAE-C2B422A26AA8}.Debug|x64.Build.0 = Debug|x64
		{B142F1A4-D4E1-41A7-9BAE-C2B422A26AA8}.Debug|x86.ActiveCfg = Debug|Win32
		{B142F1A4-D4E1-41A7-9BAE-C2B422A26AA8}.Debug|x86.Build.0 = Debug|Win32
		{B142F1A4-D4E1-41A7-9BAE-C2B422A26AA8}.Release|x64.ActiveCfg = Release|x64
		{B142F1A4-D4E1-41A7-9BAE-C2B422A26AA8}.Release|x64.Build.0 = Release|x64
		{B142F1A4-D4E1-41A7-9BAE-C2B422A26AA8}.Release|x86.ActiveCfg = Release|Win32
		{B142F1A4-D4E1-41A7-9BAE-C2B422A26AA8}.Release|x86.Build.0 = Release|Win32
		{08424EE4-25DF-41CF-A0DF-61EA1E77E429}.Debug|x64.ActiveCfg = Debug|x64
		{08424EE4-25DF-41CF-A0DF-61EA1E77E429}.Debug|x64.Build.0 = Debug|x64
		{08424EE4-25DF-41CF-A0DF-61EA1E77E429}.Debug|x86.ActiveCfg = Debug|Win32
		{08424EE4-25DF-41CF-A0DF-61EA1E77E429}.Debug|x86.Build.0 = Debug|Win32
		{08424EE4-25DF-41CF-A0DF-61EA1E77E429}.Release|x64.ActiveCfg = Release|x64
		{08424EE4-25DF-41CF-A0DF-61EA1E77E429}.Release|x64.Build.0 = Release|x64
		{08424EE4-25DF-41CF-A0DF-61EA1E77E429}.Release|x86.ActiveCfg = Release|Win32
		{08424EE4-25DF-41CF-A0DF-61EA1E77E429}.Release|x86.Build.0 = Release|Win32
		{72240049-FFCD-43DF-9CA3-D2AA7E40D50B}.Debug|x64.ActiveCfg = Debug|x64
		{72240049-FFCD-43DF-9CA3-D2AA7E40D50B}.Debug|x64.Build.0 = Debug|x64
		{72240049-FFCD-43DF-9CA3-D2AA7E40D50B}.Debug|x86.ActiveCfg = Debug|Win32
		{72240049-FFCD-43DF-9CA3-D2AA7E40D50B}.Debug|x86.Build.0 = Debug|Win32
		{72240049-FFCD-43DF-9CA3-D2AA7E40D50B}.Release|x64.ActiveCfg = Release|x64
		{72240049-FFCD-43DF-9CA3-D2AA7E40D50B}.Release|x64.Build.0 = Release|x64
		{72240049-FFCD-43DF-9CA3-D2AA7E40D50B}.Release|x86.ActiveCfg = Release|Win32
		{72240049-FFCD-43DF-9CA3-D2AA7E40D50B}.Release|x86.Build.0 = Release|Win32
		{D23CEBBB-9552-4AC5-B035-7B33051A86B1}.Debug|x64.ActiveCfg = Debug|x64
		{D23CEBBB-9552-4AC5-B035-7B33051A86B1}.Debug|x64.Build.0 = Debug|x64
		{D23CEBBB-9552-4AC5-B035-7B33051A86B1}.Debug|x86.ActiveCfg = Debug|Win32
		{D23CEBBB-9552-4AC5-B035-7B33051A86B1}.Debug|x86.Build.0 = Debug|Win32
		{D23CEBBB-9552-4AC5-B035-7B33051A86B1}.Release|x64.ActiveCfg = Release|x64
		{D23CEBBB-9552-4AC5-B035-7B33051A86B1}.Release|x64.Build.0 = Release|x64
		{D23CEBBB-9552-4AC5-B035-7B33051A86B1}.Release|x86.ActiveCfg = Release|Win32
		{D23CEBBB-9552-4AC5-B035-7B33051A86B1}.Release|x86.Build.0 = Release|Win32
		{DE4F1479-C498-4292-82DB-ACAC78B89D7C}.Debug|x64.ActiveCfg = Debug|x64
		{DE4F1479-C498-4292-82DB-ACAC78B89D7C}.Debug|x64.Build.0 = Debug|x64
		{DE4F1479-C498-4292-82DB-ACAC78B89D7C}.Debug|x86.ActiveCfg = Debug|Win32
		{DE4F1479-C498-4292-82DB-ACAC78B89D7C}.Debug|x86.Build.0 = Debug|Win32
		{DE4F1479-C498-4292-82DB-ACAC78B89D7C}.Release|x64.ActiveCfg = Release|x64
		{DE4F1479-C498-4292-82DB-ACAC78B89D7C}.Release|x64.Build.0 = Release|x64
		{DE4F1479-C498-4292-82DB-ACAC78B89D7C}.Release|x86.ActiveCfg = Release|Win32
		{DE4F1479-C498-4292-82DB-ACAC78B89D7C}.Release|x86.Build.0 = Release|Win32
		{909FBCBA-11A6-4E34-A790-D6DF75B5057E}.Debug|x64.ActiveCfg = Debug|x64
		{909FBCBA-11A6-4E34-A790-D6DF75B5057E}.Debug|x64.Build.0 = Debug|x64
		{909FBCBA-11A6-4E34-A790-D6DF75B5057E}.Debug|x86.ActiveCfg = Debug|Win32
		{909FBCBA-11A6-4E34-A790-D6DF75B5057E}.Debug|x86.Build.0 = Debug|Win32
		{909FBCBA-11A6-4E34-A790-D6DF75B5057E}.Release|x64.ActiveCfg = Release|x64
		{909FBCBA-11A6-4E34-A790-D6DF75B5057E}.Release|x64.Build.0 = Release|x64
		{909FBCBA-11A6-4E34-A790-D6DF75B5057E}.Release|x86.ActiveCfg = Release|Win32
		{909FBCBA-11A6-4E34-A790-D6DF75B5057E}.Release|x86.Build.0 = Release|Win32
		{476AD324-2EF7-4381-BE99-B79FAC7C4941}.Debug|x64.ActiveCfg = Debug|x64
		{476AD324-2EF7-4381-BE99-B79FAC7C4941}.Debug|x64.Build.0 = Debug|x64
		{476AD324-2EF7-4381-BE99-B79FAC7C4941}.Debug|x86.ActiveCfg = Debug|Win32
		{476AD324-2EF7-4381-BE99-B79FAC7C4941}.Debug|x86.Build.0 = Debug|Win32
		{476AD324-2EF7-4381-BE99-B79FAC7C4941}.Release|x64.ActiveCfg = Release|x64
		{476AD324-2EF7-4381-BE99-B79FAC7C4941}.Release|x64.Build.0 = Release|x64
		{476AD324-2EF7-4381-BE99-B79FAC7C4941}.Release|x86.ActiveCfg = Release|Win32
		{476AD324-2EF7-4381-BE99-B79FAC7C4941}.Release|x86.Build.0 = Release|Win32
		{1151C243-9579-4F39-8070-EA532E502A47}.Debug|x64.ActiveCfg = Debug|x64
		{1151C243-9579-4F39-8070-EA532E502A47}.Debug|x64.Build.0 = Debug|x64
		{1151C243-9579-4F39-8070-EA532E502A47}.Debug|x86.ActiveCfg = Debug|Win32
		{1151C243-9579-4F39-8070-EA532E502A47}.Debug|x86.Build.0 = Debug|Win32
		{1151C243-9579-4F39-8070-EA532E502A47}.Release|x64.ActiveCfg = Release|x64
		{1151C243-9579-4F39-8070-EA532E502A47}.Release|x64.Build.0 = Release|x64
		{1151C243-9579-4F39-8070-EA532E502A47}.Release|x86.ActiveCfg = Release|Win32
		{1151C243-9579-4F39-8070-EA532E502A47}.Release|x86.Build.0 = Release|Win32
	EndGlobalSection
	GlobalSection(SolutionProperties) = preSolution
		HideSolutionNode = FALSE
	EndGlobalSection
	GlobalSection(ExtensibilityGlobals) = postSolution
		SolutionGuid = {7F644600-65AE-4C86-8F47-A3D91477F699}
	EndGlobalSection
EndGlobal
