
Microsoft Visual Studio Solution File, Format Version 12.00
# Visual Studio 15
VisualStudioVersion = 15.0.27703.2035
MinimumVisualStudioVersion = 10.0.40219.1
Project("{8BC9CEB8-8B4A-11D0-8D11-00A0C91BC942}") = "exam1", "day2\day2.vcxproj", "{8373A52A-5E3B-4761-84C7-6F2C389B8548}"
EndProject
Project("{8BC9CEB8-8B4A-11D0-8D11-00A0C91BC942}") = "exam2", "exam2\exam2.vcxproj", "{22CE0428-7700-4453-AF71-A10AF4C5076B}"
EndProject
Project("{8BC9CEB8-8B4A-11D0-8D11-00A0C91BC942}") = "exam3", "exam3\exam3.vcxproj", "{8415555B-E9E5-4F23-90B9-B9C7BC2AFBFE}"
EndProject
Project("{8BC9CEB8-8B4A-11D0-8D11-00A0C91BC942}") = "exam5", "..\계산기\계산기\계산기.vcxproj", "{E03088F3-A4C7-4075-8BE2-AE202D46F2D6}"
EndProject
Project("{8BC9CEB8-8B4A-11D0-8D11-00A0C91BC942}") = "exam6", "..\계산기\계산기2\계산기2.vcxproj", "{AA631E9D-916F-4C9B-A870-BAC1DAAD3255}"
EndProject
Project("{8BC9CEB8-8B4A-11D0-8D11-00A0C91BC942}") = "exam7", "exam7\exam7.vcxproj", "{ABB756E5-01CF-4C84-B334-2E120B496633}"
EndProject
Project("{8BC9CEB8-8B4A-11D0-8D11-00A0C91BC942}") = "exam8", "exam8\exam8.vcxproj", "{28646005-ABED-4FFF-92BC-5BB141C14299}"
EndProject
Project("{8BC9CEB8-8B4A-11D0-8D11-00A0C91BC942}") = "exam9", "exam9\exam9.vcxproj", "{F9373DCB-7923-4964-9262-5AE73DD672B8}"
EndProject
Project("{8BC9CEB8-8B4A-11D0-8D11-00A0C91BC942}") = "exam10", "exam10\exam10.vcxproj", "{933FB054-1BF5-4C92-8966-2B400D227283}"
EndProject
Project("{8BC9CEB8-8B4A-11D0-8D11-00A0C91BC942}") = "exam11", "exam11\exam11.vcxproj", "{AC2F6FA5-FC95-408C-8816-1BDAD7EEA949}"
EndProject
Global
	GlobalSection(SolutionConfigurationPlatforms) = preSolution
		Debug|x64 = Debug|x64
		Debug|x86 = Debug|x86
		Release|x64 = Release|x64
		Release|x86 = Release|x86
	EndGlobalSection
	GlobalSection(ProjectConfigurationPlatforms) = postSolution
		{8373A52A-5E3B-4761-84C7-6F2C389B8548}.Debug|x64.ActiveCfg = Debug|x64
		{8373A52A-5E3B-4761-84C7-6F2C389B8548}.Debug|x64.Build.0 = Debug|x64
		{8373A52A-5E3B-4761-84C7-6F2C389B8548}.Debug|x86.ActiveCfg = Debug|Win32
		{8373A52A-5E3B-4761-84C7-6F2C389B8548}.Debug|x86.Build.0 = Debug|Win32
		{8373A52A-5E3B-4761-84C7-6F2C389B8548}.Release|x64.ActiveCfg = Release|x64
		{8373A52A-5E3B-4761-84C7-6F2C389B8548}.Release|x64.Build.0 = Release|x64
		{8373A52A-5E3B-4761-84C7-6F2C389B8548}.Release|x86.ActiveCfg = Release|Win32
		{8373A52A-5E3B-4761-84C7-6F2C389B8548}.Release|x86.Build.0 = Release|Win32
		{22CE0428-7700-4453-AF71-A10AF4C5076B}.Debug|x64.ActiveCfg = Debug|x64
		{22CE0428-7700-4453-AF71-A10AF4C5076B}.Debug|x64.Build.0 = Debug|x64
		{22CE0428-7700-4453-AF71-A10AF4C5076B}.Debug|x86.ActiveCfg = Debug|Win32
		{22CE0428-7700-4453-AF71-A10AF4C5076B}.Debug|x86.Build.0 = Debug|Win32
		{22CE0428-7700-4453-AF71-A10AF4C5076B}.Release|x64.ActiveCfg = Release|x64
		{22CE0428-7700-4453-AF71-A10AF4C5076B}.Release|x64.Build.0 = Release|x64
		{22CE0428-7700-4453-AF71-A10AF4C5076B}.Release|x86.ActiveCfg = Release|Win32
		{22CE0428-7700-4453-AF71-A10AF4C5076B}.Release|x86.Build.0 = Release|Win32
		{8415555B-E9E5-4F23-90B9-B9C7BC2AFBFE}.Debug|x64.ActiveCfg = Debug|x64
		{8415555B-E9E5-4F23-90B9-B9C7BC2AFBFE}.Debug|x64.Build.0 = Debug|x64
		{8415555B-E9E5-4F23-90B9-B9C7BC2AFBFE}.Debug|x86.ActiveCfg = Debug|Win32
		{8415555B-E9E5-4F23-90B9-B9C7BC2AFBFE}.Debug|x86.Build.0 = Debug|Win32
		{8415555B-E9E5-4F23-90B9-B9C7BC2AFBFE}.Release|x64.ActiveCfg = Release|x64
		{8415555B-E9E5-4F23-90B9-B9C7BC2AFBFE}.Release|x64.Build.0 = Release|x64
		{8415555B-E9E5-4F23-90B9-B9C7BC2AFBFE}.Release|x86.ActiveCfg = Release|Win32
		{8415555B-E9E5-4F23-90B9-B9C7BC2AFBFE}.Release|x86.Build.0 = Release|Win32
		{E03088F3-A4C7-4075-8BE2-AE202D46F2D6}.Debug|x64.ActiveCfg = Debug|x64
		{E03088F3-A4C7-4075-8BE2-AE202D46F2D6}.Debug|x64.Build.0 = Debug|x64
		{E03088F3-A4C7-4075-8BE2-AE202D46F2D6}.Debug|x86.ActiveCfg = Debug|Win32
		{E03088F3-A4C7-4075-8BE2-AE202D46F2D6}.Debug|x86.Build.0 = Debug|Win32
		{E03088F3-A4C7-4075-8BE2-AE202D46F2D6}.Release|x64.ActiveCfg = Release|x64
		{E03088F3-A4C7-4075-8BE2-AE202D46F2D6}.Release|x64.Build.0 = Release|x64
		{E03088F3-A4C7-4075-8BE2-AE202D46F2D6}.Release|x86.ActiveCfg = Release|Win32
		{E03088F3-A4C7-4075-8BE2-AE202D46F2D6}.Release|x86.Build.0 = Release|Win32
		{AA631E9D-916F-4C9B-A870-BAC1DAAD3255}.Debug|x64.ActiveCfg = Debug|x64
		{AA631E9D-916F-4C9B-A870-BAC1DAAD3255}.Debug|x64.Build.0 = Debug|x64
		{AA631E9D-916F-4C9B-A870-BAC1DAAD3255}.Debug|x86.ActiveCfg = Debug|Win32
		{AA631E9D-916F-4C9B-A870-BAC1DAAD3255}.Debug|x86.Build.0 = Debug|Win32
		{AA631E9D-916F-4C9B-A870-BAC1DAAD3255}.Release|x64.ActiveCfg = Release|x64
		{AA631E9D-916F-4C9B-A870-BAC1DAAD3255}.Release|x64.Build.0 = Release|x64
		{AA631E9D-916F-4C9B-A870-BAC1DAAD3255}.Release|x86.ActiveCfg = Release|Win32
		{AA631E9D-916F-4C9B-A870-BAC1DAAD3255}.Release|x86.Build.0 = Release|Win32
		{ABB756E5-01CF-4C84-B334-2E120B496633}.Debug|x64.ActiveCfg = Debug|x64
		{ABB756E5-01CF-4C84-B334-2E120B496633}.Debug|x64.Build.0 = Debug|x64
		{ABB756E5-01CF-4C84-B334-2E120B496633}.Debug|x86.ActiveCfg = Debug|Win32
		{ABB756E5-01CF-4C84-B334-2E120B496633}.Debug|x86.Build.0 = Debug|Win32
		{ABB756E5-01CF-4C84-B334-2E120B496633}.Release|x64.ActiveCfg = Release|x64
		{ABB756E5-01CF-4C84-B334-2E120B496633}.Release|x64.Build.0 = Release|x64
		{ABB756E5-01CF-4C84-B334-2E120B496633}.Release|x86.ActiveCfg = Release|Win32
		{ABB756E5-01CF-4C84-B334-2E120B496633}.Release|x86.Build.0 = Release|Win32
		{28646005-ABED-4FFF-92BC-5BB141C14299}.Debug|x64.ActiveCfg = Debug|x64
		{28646005-ABED-4FFF-92BC-5BB141C14299}.Debug|x64.Build.0 = Debug|x64
		{28646005-ABED-4FFF-92BC-5BB141C14299}.Debug|x86.ActiveCfg = Debug|Win32
		{28646005-ABED-4FFF-92BC-5BB141C14299}.Debug|x86.Build.0 = Debug|Win32
		{28646005-ABED-4FFF-92BC-5BB141C14299}.Release|x64.ActiveCfg = Release|x64
		{28646005-ABED-4FFF-92BC-5BB141C14299}.Release|x64.Build.0 = Release|x64
		{28646005-ABED-4FFF-92BC-5BB141C14299}.Release|x86.ActiveCfg = Release|Win32
		{28646005-ABED-4FFF-92BC-5BB141C14299}.Release|x86.Build.0 = Release|Win32
		{F9373DCB-7923-4964-9262-5AE73DD672B8}.Debug|x64.ActiveCfg = Debug|x64
		{F9373DCB-7923-4964-9262-5AE73DD672B8}.Debug|x64.Build.0 = Debug|x64
		{F9373DCB-7923-4964-9262-5AE73DD672B8}.Debug|x86.ActiveCfg = Debug|Win32
		{F9373DCB-7923-4964-9262-5AE73DD672B8}.Debug|x86.Build.0 = Debug|Win32
		{F9373DCB-7923-4964-9262-5AE73DD672B8}.Release|x64.ActiveCfg = Release|x64
		{F9373DCB-7923-4964-9262-5AE73DD672B8}.Release|x64.Build.0 = Release|x64
		{F9373DCB-7923-4964-9262-5AE73DD672B8}.Release|x86.ActiveCfg = Release|Win32
		{F9373DCB-7923-4964-9262-5AE73DD672B8}.Release|x86.Build.0 = Release|Win32
		{933FB054-1BF5-4C92-8966-2B400D227283}.Debug|x64.ActiveCfg = Debug|x64
		{933FB054-1BF5-4C92-8966-2B400D227283}.Debug|x64.Build.0 = Debug|x64
		{933FB054-1BF5-4C92-8966-2B400D227283}.Debug|x86.ActiveCfg = Debug|Win32
		{933FB054-1BF5-4C92-8966-2B400D227283}.Debug|x86.Build.0 = Debug|Win32
		{933FB054-1BF5-4C92-8966-2B400D227283}.Release|x64.ActiveCfg = Release|x64
		{933FB054-1BF5-4C92-8966-2B400D227283}.Release|x64.Build.0 = Release|x64
		{933FB054-1BF5-4C92-8966-2B400D227283}.Release|x86.ActiveCfg = Release|Win32
		{933FB054-1BF5-4C92-8966-2B400D227283}.Release|x86.Build.0 = Release|Win32
		{AC2F6FA5-FC95-408C-8816-1BDAD7EEA949}.Debug|x64.ActiveCfg = Debug|x64
		{AC2F6FA5-FC95-408C-8816-1BDAD7EEA949}.Debug|x64.Build.0 = Debug|x64
		{AC2F6FA5-FC95-408C-8816-1BDAD7EEA949}.Debug|x86.ActiveCfg = Debug|Win32
		{AC2F6FA5-FC95-408C-8816-1BDAD7EEA949}.Debug|x86.Build.0 = Debug|Win32
		{AC2F6FA5-FC95-408C-8816-1BDAD7EEA949}.Release|x64.ActiveCfg = Release|x64
		{AC2F6FA5-FC95-408C-8816-1BDAD7EEA949}.Release|x64.Build.0 = Release|x64
		{AC2F6FA5-FC95-408C-8816-1BDAD7EEA949}.Release|x86.ActiveCfg = Release|Win32
		{AC2F6FA5-FC95-408C-8816-1BDAD7EEA949}.Release|x86.Build.0 = Release|Win32
	EndGlobalSection
	GlobalSection(SolutionProperties) = preSolution
		HideSolutionNode = FALSE
	EndGlobalSection
	GlobalSection(ExtensibilityGlobals) = postSolution
		SolutionGuid = {96915C9D-864C-4655-B7B1-80F509606141}
	EndGlobalSection
EndGlobal
